
Microsoft Visual Studio Solution File, Format Version 12.00
# Visual Studio Version 17
VisualStudioVersion = 17.0.31825.309
MinimumVisualStudioVersion = 15.0.26124.0
Project("{9A19103F-16F7-4668-BE54-9A1E7A4F7556}") = "ReforgeExample.RenderingHost", "src\ReforgeExample.RenderingHost\ReforgeExample.RenderingHost.csproj", "{BEA42FCB-115A-4D5A-AD80-C5CF864D1BD0}"
EndProject
Global
	GlobalSection(SolutionConfigurationPlatforms) = preSolution
		Debug|Any CPU = Debug|Any CPU
		Release|Any CPU = Release|Any CPU
	EndGlobalSection
	GlobalSection(ProjectConfigurationPlatforms) = postSolution
		{BEA42FCB-115A-4D5A-AD80-C5CF864D1BD0}.Debug|Any CPU.ActiveCfg = Debug|Any CPU
		{BEA42FCB-115A-4D5A-AD80-C5CF864D1BD0}.Debug|Any CPU.Build.0 = Debug|Any CPU
		{BEA42FCB-115A-4D5A-AD80-C5CF864D1BD0}.Release|Any CPU.ActiveCfg = Release|Any CPU
		{BEA42FCB-115A-4D5A-AD80-C5CF864D1BD0}.Release|Any CPU.Build.0 = Release|Any CPU
	EndGlobalSection
	GlobalSection(SolutionProperties) = preSolution
		HideSolutionNode = FALSE
	EndGlobalSection
	GlobalSection(ExtensibilityGlobals) = postSolution
		SolutionGuid = {CE5BBAD6-E74C-4BDA-BE98-A474DF8EC370}
	EndGlobalSection
EndGlobal
